PODS:
  - AFNetworking (4.0.1):
    - AFNetworking/NSURLSession (= 4.0.1)
    - AFNetworking/Reachability (= 4.0.1)
    - AFNetworking/Security (= 4.0.1)
    - AFNetworking/Serialization (= 4.0.1)
    - AFNetworking/UIKit (= 4.0.1)
  - AFNetworking/NSURLSession (4.0.1):
    - AFNetworking/Reachability
    - AFNetworking/Security
    - AFNetworking/Serialization
  - AFNetworking/Reachability (4.0.1)
  - AFNetworking/Security (4.0.1)
  - AFNetworking/Serialization (4.0.1)
  - AFNetworking/UIKit (4.0.1):
    - AFNetworking/NSURLSession
  - agora_rtc_engine (4.2.0):
    - AgoraRtcEngine_iOS (= 3.5.2)
    - Flutter
  - AgoraRtcEngine_iOS (3.5.2)
  - AlipaySDK-iOS (15.7.9)
  - audioplayer (0.0.1):
    - Flutter
  - connectivity (0.0.1):
    - Flutter
    - Reachability
  - device_info (0.0.1):
    - Flutter
  - Flutter (1.0.0)
  - flutter_sound (8.4.2):
    - Flutter
    - flutter_sound_core (= 8.4.2)
    - mobile-ffmpeg-audio (= 4.4.LTS)
  - flutter_sound_core (8.4.2)
  - fluttertoast (0.0.2):
    - Flutter
    - Toast
  - fluwx (0.0.1):
    - Flutter
    - WechatOpenSDK_Fuck (~> 1.9.2)
  - FMDB (2.7.5):
    - FMDB/standard (= 2.7.5)
  - FMDB/standard (2.7.5)
  - HyphenateChat (3.8.3.1)
  - im_flutter_sdk (0.0.1):
    - Flutter
    - HyphenateChat (= 3.8.3.1)
  - image_gallery_saver (1.5.0):
    - Flutter
  - image_pickers (0.0.1):
    - AFNetworking
    - Flutter
    - ZLPhotoBrowser-objc (= 1.0.4)
  - JCore (3.1.0)
  - JPush (4.4.0):
    - JCore (>= 2.0.0)
  - jpush_flutter (0.0.2):
    - Flutter
    - JCore (= 3.1.0)
    - JPush (= 4.4.0)
  - keyboard_visibility (0.5.0):
    - Flutter
    - Reachability
  - mobile-ffmpeg-audio (4.4.LTS)
  - package_info (0.0.1):
    - Flutter
  - path_provider_ios (0.0.1):
    - Flutter
  - "permission_handler (5.1.0+2)":
    - Flutter
  - Reachability (3.2)
  - SDWebImage (5.12.1):
    - SDWebImage/Core (= 5.12.1)
  - SDWebImage/Core (5.12.1)
  - shared_preferences_ios (0.0.1):
    - Flutter
  - sqflite (0.0.2):
    - Flutter
    - FMDB (>= 2.7.5)
  - Toast (4.0.0)
  - tobias (0.0.1):
    - AlipaySDK-iOS (~> 15.7.9)
    - Flutter
  - url_launcher_ios (0.0.1):
    - Flutter
  - video_player (0.0.1):
    - Flutter
  - wakelock (0.0.1):
    - Flutter
  - webview_flutter_wkwebview (0.0.1):
    - Flutter
  - WechatOpenSDK_Fuck (1.9.2)
  - ZLPhotoBrowser-objc (1.0.4):
    - SDWebImage

DEPENDENCIES:
  - agora_rtc_engine (from `.symlinks/plugins/agora_rtc_engine/ios`)
  - audioplayer (from `.symlinks/plugins/audioplayer/ios`)
  - connectivity (from `.symlinks/plugins/connectivity/ios`)
  - device_info (from `.symlinks/plugins/device_info/ios`)
  - Flutter (from `Flutter`)
  - flutter_sound (from `.symlinks/plugins/flutter_sound/ios`)
  - fluttertoast (from `.symlinks/plugins/fluttertoast/ios`)
  - fluwx (from `.symlinks/plugins/fluwx/ios`)
  - im_flutter_sdk (from `.symlinks/plugins/im_flutter_sdk/ios`)
  - image_gallery_saver (from `.symlinks/plugins/image_gallery_saver/ios`)
  - image_pickers (from `.symlinks/plugins/image_pickers/ios`)
  - jpush_flutter (from `.symlinks/plugins/jpush_flutter/ios`)
  - keyboard_visibility (from `.symlinks/plugins/keyboard_visibility/ios`)
  - package_info (from `.symlinks/plugins/package_info/ios`)
  - path_provider_ios (from `.symlinks/plugins/path_provider_ios/ios`)
  - permission_handler (from `.symlinks/plugins/permission_handler/ios`)
  - shared_preferences_ios (from `.symlinks/plugins/shared_preferences_ios/ios`)
  - sqflite (from `.symlinks/plugins/sqflite/ios`)
  - tobias (from `.symlinks/plugins/tobias/ios`)
  - url_launcher_ios (from `.symlinks/plugins/url_launcher_ios/ios`)
  - video_player (from `.symlinks/plugins/video_player/ios`)
  - wakelock (from `.symlinks/plugins/wakelock/ios`)
  - webview_flutter_wkwebview (from `.symlinks/plugins/webview_flutter_wkwebview/ios`)

SPEC REPOS:
  trunk:
    - AFNetworking
    - AgoraRtcEngine_iOS
    - AlipaySDK-iOS
    - flutter_sound_core
    - FMDB
    - HyphenateChat
    - JCore
    - JPush
    - mobile-ffmpeg-audio
    - Reachability
    - SDWebImage
    - Toast
    - WechatOpenSDK_Fuck
    - ZLPhotoBrowser-objc

EXTERNAL SOURCES:
  agora_rtc_engine:
    :path: ".symlinks/plugins/agora_rtc_engine/ios"
  audioplayer:
    :path: ".symlinks/plugins/audioplayer/ios"
  connectivity:
    :path: ".symlinks/plugins/connectivity/ios"
  device_info:
    :path: ".symlinks/plugins/device_info/ios"
  Flutter:
    :path: Flutter
  flutter_sound:
    :path: ".symlinks/plugins/flutter_sound/ios"
  fluttertoast:
    :path: ".symlinks/plugins/fluttertoast/ios"
  fluwx:
    :path: ".symlinks/plugins/fluwx/ios"
  im_flutter_sdk:
    :path: ".symlinks/plugins/im_flutter_sdk/ios"
  image_gallery_saver:
    :path: ".symlinks/plugins/image_gallery_saver/ios"
  image_pickers:
    :path: ".symlinks/plugins/image_pickers/ios"
  jpush_flutter:
    :path: ".symlinks/plugins/jpush_flutter/ios"
  keyboard_visibility:
    :path: ".symlinks/plugins/keyboard_visibility/ios"
  package_info:
    :path: ".symlinks/plugins/package_info/ios"
  path_provider_ios:
    :path: ".symlinks/plugins/path_provider_ios/ios"
  permission_handler:
    :path: ".symlinks/plugins/permission_handler/ios"
  shared_preferences_ios:
    :path: ".symlinks/plugins/shared_preferences_ios/ios"
  sqflite:
    :path: ".symlinks/plugins/sqflite/ios"
  tobias:
    :path: ".symlinks/plugins/tobias/ios"
  url_launcher_ios:
    :path: ".symlinks/plugins/url_launcher_ios/ios"
  video_player:
    :path: ".symlinks/plugins/video_player/ios"
  wakelock:
    :path: ".symlinks/plugins/wakelock/ios"
  webview_flutter_wkwebview:
    :path: ".symlinks/plugins/webview_flutter_wkwebview/ios"

SPEC CHECKSUMS:
  AFNetworking: 7864c38297c79aaca1500c33288e429c3451fdce
  agora_rtc_engine: 15f0ee1b38dda52b237f66674aac1285f3ea16ae
  AgoraRtcEngine_iOS: 3d13806d67e401298558c9a6fb09340a4299afa2
  AlipaySDK-iOS: 94ff4c0e17c5e7d126b8207596d5033006534c25
  audioplayer: 0584f31a697e4b0bbad405ae7903d7a93585e784
  connectivity: c4130b2985d4ef6fd26f9702e886bd5260681467
  device_info: d7d233b645a32c40dfdc212de5cf646ca482f175
  Flutter: 50d75fe2f02b26cc09d224853bb45737f8b3214a
  flutter_sound: db1364f901b96c17e00101c831994487186afdf4
  flutter_sound_core: 55a1665e7ef8cdb95ab9dd06581c746dd9c96e48
  fluttertoast: 6122fa75143e992b1d3470f61000f591a798cc58
  fluwx: c192ef1ea3617badb813fa1a761ffc5c9c12208a
  FMDB: 2ce00b547f966261cd18927a3ddb07cb6f3db82a
  HyphenateChat: dc9bedc84c610b9031c86a36b3231604d01026b4
  im_flutter_sdk: 5c18ea8a555c109660c3f172e3df0cb3d13fea2f
  image_gallery_saver: 259eab68fb271cfd57d599904f7acdc7832e7ef2
  image_pickers: 5e6ec7083f9363d014c0fb061f1b9cd97bb5e451
  JCore: 4029befb2497adc36b2496e2cfd6b24d9f671784
  JPush: b7d00f2cc78766e76c8abb30a5741fe94d21e5bc
  jpush_flutter: bc88cfa9a4ff4481031564b641c3fe24024bb2cb
  keyboard_visibility: 96a24de806fe6823c3ad956c01ba2ec6d056616f
  mobile-ffmpeg-audio: 1e0a053f8a6de57114e50ff48b3a85ff1c60f902
  package_info: 873975fc26034f0b863a300ad47e7f1ac6c7ec62
  path_provider_ios: 7d7ce634493af4477d156294792024ec3485acd5
  permission_handler: ccb20a9fad0ee9b1314a52b70b76b473c5f8dab0
  Reachability: 33e18b67625424e47b6cde6d202dce689ad7af96
  SDWebImage: 4dc3e42d9ec0c1028b960a33ac6b637bb432207b
  shared_preferences_ios: aef470a42dc4675a1cdd50e3158b42e3d1232b32
  sqflite: 6d358c025f5b867b29ed92fc697fd34924e11904
  Toast: 91b396c56ee72a5790816f40d3a94dd357abc196
  tobias: 6872e2198dc30e17c10513b9ee114e28d099bc70
  url_launcher_ios: 02f1989d4e14e998335b02b67a7590fa34f971af
  video_player: ecd305f42e9044793efd34846e1ce64c31ea6fcb
  wakelock: d0fc7c864128eac40eba1617cb5264d9c940b46f
  webview_flutter_wkwebview: 005fbd90c888a42c5690919a1527ecc6649e1162
  WechatOpenSDK_Fuck: aa8f4b0af902837e887a1d40c62f06c060c1dc98
  ZLPhotoBrowser-objc: c7657d3bc85ae231884e058d0e3638f619164736

PODFILE CHECKSUM: fe0e1ee7f3d1f7d00b11b474b62dd62134535aea

COCOAPODS: 1.11.2
